{
    "_readme": [
        "This file locks the dependencies of your project to a known state",
        "Read more about it at https://getcomposer.org/doc/01-basic-usage.md#composer-lock-the-lock-file",
        "This file is @generated automatically"
    ],
    "content-hash": "5c3774295ac3a260bc723b42593e74a0",
    "packages": [
        {
            "name": "phoenix404/curl-requester",
            "version": "v1.1.1",
            "source": {
                "type": "git",
                "url": "https://github.com/Phoenix404/curl-requester.git",
                "reference": "187c58f7696c581e76567149494266731fe3bf75"
            },
            "dist": {
                "type": "zip",
                "url": "https://api.github.com/repos/Phoenix404/curl-requester/zipball/187c58f7696c581e76567149494266731fe3bf75",
                "reference": "187c58f7696c581e76567149494266731fe3bf75",
                "shasum": ""
            },
            "require": {
                "phoenix404/php-proxiest": "v2.0",
                "phoenix404/useragents": "v1.1"
            },
            "type": "library",
            "autoload": {
                "psr-4": {
                    "cURLRequester\\": "Src/"
                }
            },
            "notification-url": "https://packagist.org/downloads/",
            "license": [
                "MIT"
            ],
            "authors": [
                {
                    "name": "phoenix404",
                    "email": "manpreet2681995@gmail.com"
                }
            ],
            "description": "Curl Request ready to go...",
            "time": "2018-02-03T16:18:50+00:00"
        },
        {
            "name": "phoenix404/php-proxiest",
            "version": "v2.0",
            "source": {
                "type": "git",
                "url": "https://github.com/Phoenix404/php-proxiest.git",
                "reference": "dcc549ec333da9405aa00accc698cb24ded414b9"
            },
            "dist": {
                "type": "zip",
                "url": "https://api.github.com/repos/Phoenix404/php-proxiest/zipball/dcc549ec333da9405aa00accc698cb24ded414b9",
                "reference": "dcc549ec333da9405aa00accc698cb24ded414b9",
                "shasum": ""
            },
            "require": {
                "phoenix404/useragents": "v1.1",
                "php": ">=7"
            },
            "type": "library",
            "autoload": {
                "psr-4": {
                    "Proxy\\": "Src/"
                }
            },
            "notification-url": "https://packagist.org/downloads/",
            "license": [
                "MIT"
            ],
            "authors": [
                {
                    "name": "Phoenix404",
                    "email": "manpreet2681995@gmail.com"
                }
            ],
            "description": "get proxy",
            "time": "2018-02-03T14:44:36+00:00"
        },
        {
            "name": "phoenix404/useragents",
            "version": "v1.1",
            "source": {
                "type": "git",
                "url": "https://github.com/Phoenix404/useragents.git",
                "reference": "5e403b0bcd792d79b2871bf0945730a8e846f564"
            },
            "dist": {
                "type": "zip",
                "url": "https://api.github.com/repos/Phoenix404/useragents/zipball/5e403b0bcd792d79b2871bf0945730a8e846f564",
                "reference": "5e403b0bcd792d79b2871bf0945730a8e846f564",
                "shasum": ""
            },
            "type": "library",
            "autoload": {
                "psr-4": {
                    "Useragent\\": "Src/"
                }
            },
            "notification-url": "https://packagist.org/downloads/",
            "license": [
                "MIT"
            ],
            "authors": [
                {
                    "name": "phoenix404",
                    "email": "manpreet2681995@gmail.com"
                }
            ],
            "description": "useragents Lib with huge collection of useragents(os, devices, spieders, console browsers..)",
            "time": "2017-10-15T17:39:55+00:00"
        }
    ],
    "packages-dev": [],
    "aliases": [],
    "minimum-stability": "dev",
    "stability-flags": [],
    "prefer-stable": false,
    "prefer-lowest": false,
    "platform": [],
    "platform-dev": []
}
